// !$*UTF8*$!
{
	archiveVersion = 1;
	classes = {
	};
	objectVersion = 77;
	objects = {

/* Begin PBXBuildFile section */
		7B02C6852D79E617001CEF35 /* NewsManager.swift in Sources */ = {isa = PBXBuildFile; fileRef = 7B02C6702D79E617001CEF35 /* NewsManager.swift */; };
		7B02C6862D79E617001CEF35 /* NewsResponse.swift in Sources */ = {isa = PBXBuildFile; fileRef = 7B02C6712D79E617001CEF35 /* NewsResponse.swift */; };
		7B02C6872D79E617001CEF35 /* NewsCell.swift in Sources */ = {isa = PBXBuildFile; fileRef = 7B02C6732D79E617001CEF35 /* NewsCell.swift */; };
		7B02C6882D79E617001CEF35 /* NewsViewController.swift in Sources */ = {isa = PBXBuildFile; fileRef = 7B02C6752D79E617001CEF35 /* NewsViewController.swift */; };
		7B02C6892D79E617001CEF35 /* TopHeadlineCell.swift in Sources */ = {isa = PBXBuildFile; fileRef = 7B02C6762D79E617001CEF35 /* TopHeadlineCell.swift */; };
		7B02C68A2D79E617001CEF35 /* NewsCellViewModel.swift in Sources */ = {isa = PBXBuildFile; fileRef = 7B02C6792D79E617001CEF35 /* NewsCellViewModel.swift */; };
		7B02C68B2D79E617001CEF35 /* NewsViewModel.swift in Sources */ = {isa = PBXBuildFile; fileRef = 7B02C67A2D79E617001CEF35 /* NewsViewModel.swift */; };
		7B02C68C2D79E617001CEF35 /* AppDelegate.swift in Sources */ = {isa = PBXBuildFile; fileRef = 7B02C67C2D79E617001CEF35 /* AppDelegate.swift */; };
		7B02C68D2D79E617001CEF35 /* SceneDelegate.swift in Sources */ = {isa = PBXBuildFile; fileRef = 7B02C6832D79E617001CEF35 /* SceneDelegate.swift */; };
		7B02C68E2D79E617001CEF35 /* NewsCell.xib in Resources */ = {isa = PBXBuildFile; fileRef = 7B02C6742D79E617001CEF35 /* NewsCell.xib */; };
		7B02C68F2D79E617001CEF35 /* TopHeadlineCell.xib in Resources */ = {isa = PBXBuildFile; fileRef = 7B02C6772D79E617001CEF35 /* TopHeadlineCell.xib */; };
		7B02C6902D79E617001CEF35 /* Assets.xcassets in Resources */ = {isa = PBXBuildFile; fileRef = 7B02C67D2D79E617001CEF35 /* Assets.xcassets */; };
		7B02C6922D79E617001CEF35 /* LaunchScreen.storyboard in Resources */ = {isa = PBXBuildFile; fileRef = 7B02C6802D79E617001CEF35 /* LaunchScreen.storyboard */; };
		7B02C6932D79E617001CEF35 /* Main.storyboard in Resources */ = {isa = PBXBuildFile; fileRef = 7B02C6822D79E617001CEF35 /* Main.storyboard */; };
		7B02C6952D79EBA3001CEF35 /* TopHeadlineCellViewModel.swift in Sources */ = {isa = PBXBuildFile; fileRef = 7B02C6942D79EBA3001CEF35 /* TopHeadlineCellViewModel.swift */; };
		7B02C6972D7C81BD001CEF35 /* APIDefine.swift in Sources */ = {isa = PBXBuildFile; fileRef = 7B02C6962D7C81BD001CEF35 /* APIDefine.swift */; };
		7B76EC412D8EDD5B000B47BE /* TopHeadlineViewModel.swift in Sources */ = {isa = PBXBuildFile; fileRef = 7B76EC402D8EDD5B000B47BE /* TopHeadlineViewModel.swift */; };
		7BF0FAA22D8DA81500B857FD /* TopHeadlineView.xib in Resources */ = {isa = PBXBuildFile; fileRef = 7BF0FAA12D8DA81500B857FD /* TopHeadlineView.xib */; };
		7BF0FAA42D8DA84800B857FD /* TopHeadlineView.swift in Sources */ = {isa = PBXBuildFile; fileRef = 7BF0FAA32D8DA84800B857FD /* TopHeadlineView.swift */; };
/* End PBXBuildFile section */

/* Begin PBXFileReference section */
		7B02C6702D79E617001CEF35 /* NewsManager.swift */ = {isa = PBXFileReference; lastKnownFileType = sourcecode.swift; path = NewsManager.swift; sourceTree = "<group>"; };
		7B02C6712D79E617001CEF35 /* NewsResponse.swift */ = {isa = PBXFileReference; lastKnownFileType = sourcecode.swift; path = NewsResponse.swift; sourceTree = "<group>"; };
		7B02C6732D79E617001CEF35 /* NewsCell.swift */ = {isa = PBXFileReference; lastKnownFileType = sourcecode.swift; path = NewsCell.swift; sourceTree = "<group>"; };
		7B02C6742D79E617001CEF35 /* NewsCell.xib */ = {isa = PBXFileReference; lastKnownFileType = file.xib; path = NewsCell.xib; sourceTree = "<group>"; };
		7B02C6752D79E617001CEF35 /* NewsViewController.swift */ = {isa = PBXFileReference; lastKnownFileType = sourcecode.swift; path = NewsViewController.swift; sourceTree = "<group>"; };
		7B02C6762D79E617001CEF35 /* TopHeadlineCell.swift */ = {isa = PBXFileReference; lastKnownFileType = sourcecode.swift; path = TopHeadlineCell.swift; sourceTree = "<group>"; };
		7B02C6772D79E617001CEF35 /* TopHeadlineCell.xib */ = {isa = PBXFileReference; lastKnownFileType = file.xib; path = TopHeadlineCell.xib; sourceTree = "<group>"; };
		7B02C6792D79E617001CEF35 /* NewsCellViewModel.swift */ = {isa = PBXFileReference; lastKnownFileType = sourcecode.swift; path = NewsCellViewModel.swift; sourceTree = "<group>"; };
		7B02C67A2D79E617001CEF35 /* NewsViewModel.swift */ = {isa = PBXFileReference; lastKnownFileType = sourcecode.swift; path = NewsViewModel.swift; sourceTree = "<group>"; };
		7B02C67C2D79E617001CEF35 /* AppDelegate.swift */ = {isa = PBXFileReference; lastKnownFileType = sourcecode.swift; path = AppDelegate.swift; sourceTree = "<group>"; };
		7B02C67D2D79E617001CEF35 /* Assets.xcassets */ = {isa = PBXFileReference; lastKnownFileType = folder.assetcatalog; path = Assets.xcassets; sourceTree = "<group>"; };
		7B02C67E2D79E617001CEF35 /* Info.plist */ = {isa = PBXFileReference; lastKnownFileType = text.plist.xml; path = Info.plist; sourceTree = "<group>"; };
		7B02C67F2D79E617001CEF35 /* Base */ = {isa = PBXFileReference; lastKnownFileType = file.storyboard; name = Base; path = Base.lproj/LaunchScreen.storyboard; sourceTree = "<group>"; };
		7B02C6812D79E617001CEF35 /* Base */ = {isa = PBXFileReference; lastKnownFileType = file.storyboard; name = Base; path = Base.lproj/Main.storyboard; sourceTree = "<group>"; };
		7B02C6832D79E617001CEF35 /* SceneDelegate.swift */ = {isa = PBXFileReference; lastKnownFileType = sourcecode.swift; path = SceneDelegate.swift; sourceTree = "<group>"; };
		7B02C6942D79EBA3001CEF35 /* TopHeadlineCellViewModel.swift */ = {isa = PBXFileReference; lastKnownFileType = sourcecode.swift; path = TopHeadlineCellViewModel.swift; sourceTree = "<group>"; };
		7B02C6962D7C81BD001CEF35 /* APIDefine.swift */ = {isa = PBXFileReference; lastKnownFileType = sourcecode.swift; path = APIDefine.swift; sourceTree = "<group>"; };
		7B76EC402D8EDD5B000B47BE /* TopHeadlineViewModel.swift */ = {isa = PBXFileReference; lastKnownFileType = sourcecode.swift; path = TopHeadlineViewModel.swift; sourceTree = "<group>"; };
		7B7B5CDF2D745DC500C74BC7 /* DailyNews.app */ = {isa = PBXFileReference; explicitFileType = wrapper.application; includeInIndex = 0; path = DailyNews.app; sourceTree = BUILT_PRODUCTS_DIR; };
		7BF0FAA12D8DA81500B857FD /* TopHeadlineView.xib */ = {isa = PBXFileReference; lastKnownFileType = file.xib; path = TopHeadlineView.xib; sourceTree = "<group>"; };
		7BF0FAA32D8DA84800B857FD /* TopHeadlineView.swift */ = {isa = PBXFileReference; lastKnownFileType = sourcecode.swift; path = TopHeadlineView.swift; sourceTree = "<group>"; };
/* End PBXFileReference section */

/* Begin PBXFrameworksBuildPhase section */
		7B7B5CDC2D745DC500C74BC7 /* Frameworks */ = {
			isa = PBXFrameworksBuildPhase;
			buildActionMask = 2147483647;
			files = (
			);
			runOnlyForDeploymentPostprocessing = 0;
		};
/* End PBXFrameworksBuildPhase section */

/* Begin PBXGroup section */
		7B02C6722D79E617001CEF35 /* Model */ = {
			isa = PBXGroup;
			children = (
				7B02C6702D79E617001CEF35 /* NewsManager.swift */,
				7B02C6712D79E617001CEF35 /* NewsResponse.swift */,
				7B02C6962D7C81BD001CEF35 /* APIDefine.swift */,
			);
			path = Model;
			sourceTree = "<group>";
		};
		7B02C6782D79E617001CEF35 /* View */ = {
			isa = PBXGroup;
			children = (
				7B02C6752D79E617001CEF35 /* NewsViewController.swift */,
				7B02C6762D79E617001CEF35 /* TopHeadlineCell.swift */,
				7B02C6772D79E617001CEF35 /* TopHeadlineCell.xib */,
				7B02C6732D79E617001CEF35 /* NewsCell.swift */,
				7B02C6742D79E617001CEF35 /* NewsCell.xib */,
				7BF0FAA32D8DA84800B857FD /* TopHeadlineView.swift */,
				7BF0FAA12D8DA81500B857FD /* TopHeadlineView.xib */,
			);
			path = View;
			sourceTree = "<group>";
		};
		7B02C67B2D79E617001CEF35 /* ViewModel */ = {
			isa = PBXGroup;
			children = (
				7B02C67A2D79E617001CEF35 /* NewsViewModel.swift */,
				7B02C6792D79E617001CEF35 /* NewsCellViewModel.swift */,
				7B02C6942D79EBA3001CEF35 /* TopHeadlineCellViewModel.swift */,
				7B76EC402D8EDD5B000B47BE /* TopHeadlineViewModel.swift */,
			);
			path = ViewModel;
			sourceTree = "<group>";
		};
		7B02C6842D79E617001CEF35 /* DailyNews */ = {
			isa = PBXGroup;
			children = (
				7B02C67C2D79E617001CEF35 /* AppDelegate.swift */,
				7B02C67D2D79E617001CEF35 /* Assets.xcassets */,
				7B02C67E2D79E617001CEF35 /* Info.plist */,
				7B02C6802D79E617001CEF35 /* LaunchScreen.storyboard */,
				7B02C6822D79E617001CEF35 /* Main.storyboard */,
				7B02C6832D79E617001CEF35 /* SceneDelegate.swift */,
				7B02C6722D79E617001CEF35 /* Model */,
				7B02C6782D79E617001CEF35 /* View */,
				7B02C67B2D79E617001CEF35 /* ViewModel */,
			);
			path = DailyNews;
			sourceTree = "<group>";
		};
		7B7B5CD62D745DC500C74BC7 = {
			isa = PBXGroup;
			children = (
				7B02C6842D79E617001CEF35 /* DailyNews */,
				7B7B5CE02D745DC500C74BC7 /* Products */,
			);
			sourceTree = "<group>";
		};
		7B7B5CE02D745DC500C74BC7 /* Products */ = {
			isa = PBXGroup;
			children = (
				7B7B5CDF2D745DC500C74BC7 /* DailyNews.app */,
			);
			name = Products;
			sourceTree = "<group>";
		};
/* End PBXGroup section */

/* Begin PBXNativeTarget section */
		7B7B5CDE2D745DC500C74BC7 /* DailyNews */ = {
			isa = PBXNativeTarget;
			buildConfigurationList = 7B7B5CF22D745DC600C74BC7 /* Build configuration list for PBXNativeTarget "DailyNews" */;
			buildPhases = (
				7B7B5CDB2D745DC500C74BC7 /* Sources */,
				7B7B5CDC2D745DC500C74BC7 /* Frameworks */,
				7B7B5CDD2D745DC500C74BC7 /* Resources */,
			);
			buildRules = (
			);
			dependencies = (
			);
			name = DailyNews;
			packageProductDependencies = (
			);
			productName = DailyNews;
			productReference = 7B7B5CDF2D745DC500C74BC7 /* DailyNews.app */;
			productType = "com.apple.product-type.application";
		};
/* End PBXNativeTarget section */

/* Begin PBXProject section */
		7B7B5CD72D745DC500C74BC7 /* Project object */ = {
			isa = PBXProject;
			attributes = {
				BuildIndependentTargetsInParallel = 1;
				LastSwiftUpdateCheck = 1620;
				LastUpgradeCheck = 1620;
				TargetAttributes = {
					7B7B5CDE2D745DC500C74BC7 = {
						CreatedOnToolsVersion = 16.2;
					};
				};
			};
			buildConfigurationList = 7B7B5CDA2D745DC500C74BC7 /* Build configuration list for PBXProject "DailyNews" */;
			developmentRegion = en;
			hasScannedForEncodings = 0;
			knownRegions = (
				en,
				Base,
			);
			mainGroup = 7B7B5CD62D745DC500C74BC7;
			minimizedProjectReferenceProxies = 1;
			preferredProjectObjectVersion = 77;
			productRefGroup = 7B7B5CE02D745DC500C74BC7 /* Products */;
			projectDirPath = "";
			projectRoot = "";
			targets = (
				7B7B5CDE2D745DC500C74BC7 /* DailyNews */,
			);
		};
/* End PBXProject section */

/* Begin PBXResourcesBuildPhase section */
		7B7B5CDD2D745DC500C74BC7 /* Resources */ = {
			isa = PBXResourcesBuildPhase;
			buildActionMask = 2147483647;
			files = (
				7B02C68E2D79E617001CEF35 /* NewsCell.xib in Resources */,
				7B02C68F2D79E617001CEF35 /* TopHeadlineCell.xib in Resources */,
				7B02C6902D79E617001CEF35 /* Assets.xcassets in Resources */,
				7B02C6922D79E617001CEF35 /* LaunchScreen.storyboard in Resources */,
				7BF0FAA22D8DA81500B857FD /* TopHeadlineView.xib in Resources */,
				7B02C6932D79E617001CEF35 /* Main.storyboard in Resources */,
			);
			runOnlyForDeploymentPostprocessing = 0;
		};
/* End PBXResourcesBuildPhase section */

/* Begin PBXSourcesBuildPhase section */
		7B7B5CDB2D745DC500C74BC7 /* Sources */ = {
			isa = PBXSourcesBuildPhase;
			buildActionMask = 2147483647;
			files = (
				7BF0FAA42D8DA84800B857FD /* TopHeadlineView.swift in Sources */,
				7B76EC412D8EDD5B000B47BE /* TopHeadlineViewModel.swift in Sources */,
				7B02C6852D79E617001CEF35 /* NewsManager.swift in Sources */,
				7B02C6862D79E617001CEF35 /* NewsResponse.swift in Sources */,
				7B02C6952D79EBA3001CEF35 /* TopHeadlineCellViewModel.swift in Sources */,
				7B02C6872D79E617001CEF35 /* NewsCell.swift in Sources */,
				7B02C6882D79E617001CEF35 /* NewsViewController.swift in Sources */,
				7B02C6892D79E617001CEF35 /* TopHeadlineCell.swift in Sources */,
				7B02C68A2D79E617001CEF35 /* NewsCellViewModel.swift in Sources */,
				7B02C6972D7C81BD001CEF35 /* APIDefine.swift in Sources */,
				7B02C68B2D79E617001CEF35 /* NewsViewModel.swift in Sources */,
				7B02C68C2D79E617001CEF35 /* AppDelegate.swift in Sources */,
				7B02C68D2D79E617001CEF35 /* SceneDelegate.swift in Sources */,
			);
			runOnlyForDeploymentPostprocessing = 0;
		};
/* End PBXSourcesBuildPhase section */

/* Begin PBXVariantGroup section */
		7B02C6802D79E617001CEF35 /* LaunchScreen.storyboard */ = {
			isa = PBXVariantGroup;
			children = (
				7B02C67F2D79E617001CEF35 /* Base */,
			);
			name = LaunchScreen.storyboard;
			sourceTree = "<group>";
		};
		7B02C6822D79E617001CEF35 /* Main.storyboard */ = {
			isa = PBXVariantGroup;
			children = (
				7B02C6812D79E617001CEF35 /* Base */,
			);
			name = Main.storyboard;
			sourceTree = "<group>";
		};
/* End PBXVariantGroup section */

/* Begin XCBuildConfiguration section */
		7B7B5CF32D745DC600C74BC7 /* Debug */ = {
			isa = XCBuildConfiguration;
			buildSettings = {
				ASSETCATALOG_COMPILER_APPICON_NAME = AppIcon;
				ASSETCATALOG_COMPILER_GLOBAL_ACCENT_COLOR_NAME = AccentColor;
				CODE_SIGN_STYLE = Automatic;
				CURRENT_PROJECT_VERSION = 1;
				GENERATE_INFOPLIST_FILE = YES;
				INFOPLIST_FILE = DailyNews/Info.plist;
				INFOPLIST_KEY_UIApplicationSupportsIndirectInputEvents = YES;
				INFOPLIST_KEY_UILaunchStoryboardName = LaunchScreen;
				INFOPLIST_KEY_UIMainStoryboardFile = Main;
				INFOPLIST_KEY_UISupportedInterfaceOrientations_iPad = "UIInterfaceOrientationPortrait UIInterfaceOrientationPortraitUpsideDown UIInterfaceOrientationLandscapeLeft UIInterfaceOrientationLandscapeRight";
				INFOPLIST_KEY_UISupportedInterfaceOrientations_iPhone = "UIInterfaceOrientationPortrait UIInterfaceOrientationLandscapeLeft UIInterfaceOrientationLandscapeRight";
				LD_RUNPATH_SEARCH_PATHS = (
					"$(inherited)",
					"@executable_path/Frameworks",
				);
				MARKETING_VERSION = 1.0;
				PRODUCT_BUNDLE_IDENTIFIER = "jru-studio.DailyNews";
				PRODUCT_NAME = "$(TARGET_NAME)";
				SWIFT_EMIT_LOC_STRINGS = YES;
				SWIFT_VERSION = 5.0;
				TARGETED_DEVICE_FAMILY = "1,2";
			};
			name = Debug;
		};
		7B7B5CF42D745DC600C74BC7 /* Release */ = {
			isa = XCBuildConfiguration;
			buildSettings = {
				ASSETCATALOG_COMPILER_APPICON_NAME = AppIcon;
				ASSETCATALOG_COMPILER_GLOBAL_ACCENT_COLOR_NAME = AccentColor;
				CODE_SIGN_STYLE = Automatic;
				CURRENT_PROJECT_VERSION = 1;
				GENERATE_INFOPLIST_FILE = YES;
				INFOPLIST_FILE = DailyNews/Info.plist;
				INFOPLIST_KEY_UIApplicationSupportsIndirectInputEvents = YES;
				INFOPLIST_KEY_UILaunchStoryboardName = LaunchScreen;
				INFOPLIST_KEY_UIMainStoryboardFile = Main;
				INFOPLIST_KEY_UISupportedInterfaceOrientations_iPad = "UIInterfaceOrientationPortrait UIInterfaceOrientationPortraitUpsideDown UIInterfaceOrientationLandscapeLeft UIInterfaceOrientationLandscapeRight";
				INFOPLIST_KEY_UISupportedInterfaceOrientations_iPhone = "UIInterfaceOrientationPortrait UIInterfaceOrientationLandscapeLeft UIInterfaceOrientationLandscapeRight";
				LD_RUNPATH_SEARCH_PATHS = (
					"$(inherited)",
					"@executable_path/Frameworks",
				);
				MARKETING_VERSION = 1.0;
				PRODUCT_BUNDLE_IDENTIFIER = "jru-studio.DailyNews";
				PRODUCT_NAME = "$(TARGET_NAME)";
				SWIFT_EMIT_LOC_STRINGS = YES;
				SWIFT_VERSION = 5.0;
				TARGETED_DEVICE_FAMILY = "1,2";
			};
			name = Release;
		};
		7B7B5CF52D745DC600C74BC7 /* Debug */ = {
			isa = XCBuildConfiguration;
			buildSettings = {
				ALWAYS_SEARCH_USER_PATHS = NO;
				ASSETCATALOG_COMPILER_GENERATE_SWIFT_ASSET_SYMBOL_EXTENSIONS = YES;
				CLANG_ANALYZER_NONNULL = YES;
				CLANG_ANALYZER_NUMBER_OBJECT_CONVERSION = YES_AGGRESSIVE;
				CLANG_CXX_LANGUAGE_STANDARD = "gnu++20";
				CLANG_ENABLE_MODULES = YES;
				CLANG_ENABLE_OBJC_ARC = YES;
				CLANG_ENABLE_OBJC_WEAK = YES;
				CLANG_WARN_BLOCK_CAPTURE_AUTORELEASING = YES;
				CLANG_WARN_BOOL_CONVERSION = YES;
				CLANG_WARN_COMMA = YES;
				CLANG_WARN_CONSTANT_CONVERSION = YES;
				CLANG_WARN_DEPRECATED_OBJC_IMPLEMENTATIONS = YES;
				CLANG_WARN_DIRECT_OBJC_ISA_USAGE = YES_ERROR;
				CLANG_WARN_DOCUMENTATION_COMMENTS = YES;
				CLANG_WARN_EMPTY_BODY = YES;
				CLANG_WARN_ENUM_CONVERSION = YES;
				CLANG_WARN_INFINITE_RECURSION = YES;
				CLANG_WARN_INT_CONVERSION = YES;
				CLANG_WARN_NON_LITERAL_NULL_CONVERSION = YES;
				CLANG_WARN_OBJC_IMPLICIT_RETAIN_SELF = YES;
				CLANG_WARN_OBJC_LITERAL_CONVERSION = YES;
				CLANG_WARN_OBJC_ROOT_CLASS = YES_ERROR;
				CLANG_WARN_QUOTED_INCLUDE_IN_FRAMEWORK_HEADER = YES;
				CLANG_WARN_RANGE_LOOP_ANALYSIS = YES;
				CLANG_WARN_STRICT_PROTOTYPES = YES;
				CLANG_WARN_SUSPICIOUS_MOVE = YES;
				CLANG_WARN_UNGUARDED_AVAILABILITY = YES_AGGRESSIVE;
				CLANG_WARN_UNREACHABLE_CODE = YES;
				CLANG_WARN__DUPLICATE_METHOD_MATCH = YES;
				COPY_PHASE_STRIP = NO;
				DEBUG_INFORMATION_FORMAT = dwarf;
				ENABLE_STRICT_OBJC_MSGSEND = YES;
				ENABLE_TESTABILITY = YES;
				ENABLE_USER_SCRIPT_SANDBOXING = YES;
				GCC_C_LANGUAGE_STANDARD = gnu17;
				GCC_DYNAMIC_NO_PIC = NO;
				GCC_NO_COMMON_BLOCKS = YES;
				GCC_OPTIMIZATION_LEVEL = 0;
				GCC_PREPROCESSOR_DEFINITIONS = (
					"DEBUG=1",
					"$(inherited)",
				);
				GCC_WARN_64_TO_32_BIT_CONVERSION = YES;
				GCC_WARN_ABOUT_RETURN_TYPE = YES_ERROR;
				GCC_WARN_UNDECLARED_SELECTOR = YES;
				GCC_WARN_UNINITIALIZED_AUTOS = YES_AGGRESSIVE;
				GCC_WARN_UNUSED_FUNCTION = YES;
				GCC_WARN_UNUSED_VARIABLE = YES;
				IPHONEOS_DEPLOYMENT_TARGET = 18.2;
				LOCALIZATION_PREFERS_STRING_CATALOGS = YES;
				MTL_ENABLE_DEBUG_INFO = INCLUDE_SOURCE;
				MTL_FAST_MATH = YES;
				ONLY_ACTIVE_ARCH = YES;
				SDKROOT = iphoneos;
				SWIFT_ACTIVE_COMPILATION_CONDITIONS = "DEBUG $(inherited)";
				SWIFT_OPTIMIZATION_LEVEL = "-Onone";
			};
			name = Debug;
		};
		7B7B5CF62D745DC600C74BC7 /* Release */ = {
			isa = XCBuildConfiguration;
			buildSettings = {
				ALWAYS_SEARCH_USER_PATHS = NO;
				ASSETCATALOG_COMPILER_GENERATE_SWIFT_ASSET_SYMBOL_EXTENSIONS = YES;
				CLANG_ANALYZER_NONNULL = YES;
				CLANG_ANALYZER_NUMBER_OBJECT_CONVERSION = YES_AGGRESSIVE;
				CLANG_CXX_LANGUAGE_STANDARD = "gnu++20";
				CLANG_ENABLE_MODULES = YES;
				CLANG_ENABLE_OBJC_ARC = YES;
				CLANG_ENABLE_OBJC_WEAK = YES;
				CLANG_WARN_BLOCK_CAPTURE_AUTORELEASING = YES;
				CLANG_WARN_BOOL_CONVERSION = YES;
				CLANG_WARN_COMMA = YES;
				CLANG_WARN_CONSTANT_CONVERSION = YES;
				CLANG_WARN_DEPRECATED_OBJC_IMPLEMENTATIONS = YES;
				CLANG_WARN_DIRECT_OBJC_ISA_USAGE = YES_ERROR;
				CLANG_WARN_DOCUMENTATION_COMMENTS = YES;
				CLANG_WARN_EMPTY_BODY = YES;
				CLANG_WARN_ENUM_CONVERSION = YES;
				CLANG_WARN_INFINITE_RECURSION = YES;
				CLANG_WARN_INT_CONVERSION = YES;
				CLANG_WARN_NON_LITERAL_NULL_CONVERSION = YES;
				CLANG_WARN_OBJC_IMPLICIT_RETAIN_SELF = YES;
				CLANG_WARN_OBJC_LITERAL_CONVERSION = YES;
				CLANG_WARN_OBJC_ROOT_CLASS = YES_ERROR;
				CLANG_WARN_QUOTED_INCLUDE_IN_FRAMEWORK_HEADER = YES;
				CLANG_WARN_RANGE_LOOP_ANALYSIS = YES;
				CLANG_WARN_STRICT_PROTOTYPES = YES;
				CLANG_WARN_SUSPICIOUS_MOVE = YES;
				CLANG_WARN_UNGUARDED_AVAILABILITY = YES_AGGRESSIVE;
				CLANG_WARN_UNREACHABLE_CODE = YES;
				CLANG_WARN__DUPLICATE_METHOD_MATCH = YES;
				COPY_PHASE_STRIP = NO;
				DEBUG_INFORMATION_FORMAT = "dwarf-with-dsym";
				ENABLE_NS_ASSERTIONS = NO;
				ENABLE_STRICT_OBJC_MSGSEND = YES;
				ENABLE_USER_SCRIPT_SANDBOXING = YES;
				GCC_C_LANGUAGE_STANDARD = gnu17;
				GCC_NO_COMMON_BLOCKS = YES;
				GCC_WARN_64_TO_32_BIT_CONVERSION = YES;
				GCC_WARN_ABOUT_RETURN_TYPE = YES_ERROR;
				GCC_WARN_UNDECLARED_SELECTOR = YES;
				GCC_WARN_UNINITIALIZED_AUTOS = YES_AGGRESSIVE;
				GCC_WARN_UNUSED_FUNCTION = YES;
				GCC_WARN_UNUSED_VARIABLE = YES;
				IPHONEOS_DEPLOYMENT_TARGET = 18.2;
				LOCALIZATION_PREFERS_STRING_CATALOGS = YES;
				MTL_ENABLE_DEBUG_INFO = NO;
				MTL_FAST_MATH = YES;
				SDKROOT = iphoneos;
				SWIFT_COMPILATION_MODE = wholemodule;
				VALIDATE_PRODUCT = YES;
			};
			name = Release;
		};
/* End XCBuildConfiguration section */

/* Begin XCConfigurationList section */
		7B7B5CDA2D745DC500C74BC7 /* Build configuration list for PBXProject "DailyNews" */ = {
			isa = XCConfigurationList;
			buildConfigurations = (
				7B7B5CF52D745DC600C74BC7 /* Debug */,
				7B7B5CF62D745DC600C74BC7 /* Release */,
			);
			defaultConfigurationIsVisible = 0;
			defaultConfigurationName = Release;
		};
		7B7B5CF22D745DC600C74BC7 /* Build configuration list for PBXNativeTarget "DailyNews" */ = {
			isa = XCConfigurationList;
			buildConfigurations = (
				7B7B5CF32D745DC600C74BC7 /* Debug */,
				7B7B5CF42D745DC600C74BC7 /* Release */,
			);
			defaultConfigurationIsVisible = 0;
			defaultConfigurationName = Release;
		};
/* End XCConfigurationList section */
	};
	rootObject = 7B7B5CD72D745DC500C74BC7 /* Project object */;
}
